
Microsoft Visual Studio Solution File, Format Version 12.00
# Visual Studio Version 17
VisualStudioVersion = 17.3.32804.467
MinimumVisualStudioVersion = 10.0.40219.1
Project("{9A19103F-16F7-4668-BE54-9A1E7A4F7556}") = "TSPTemplate", "src\TSPTemplate\TSPTemplate.csproj", "{1496FD6E-DD27-4F32-8157-7C18BE5A3C11}"
EndProject
Project("{9A19103F-16F7-4668-BE54-9A1E7A4F7556}") = "Company.Plugin", "src\TSPTemplate\templates\TSPTemplate.Plugin\Company.Plugin.csproj", "{34A86957-599F-4DF2-968C-5E1100532E07}"
EndProject
Global
	GlobalSection(SolutionConfigurationPlatforms) = preSolution
		Debug|Any CPU = Debug|Any CPU
		Release|Any CPU = Release|Any CPU
	EndGlobalSection
	GlobalSection(ProjectConfigurationPlatforms) = postSolution
		{1496FD6E-DD27-4F32-8157-7C18BE5A3C11}.Debug|Any CPU.ActiveCfg = Release|Any CPU
		{1496FD6E-DD27-4F32-8157-7C18BE5A3C11}.Release|Any CPU.ActiveCfg = Release|Any CPU
		{34A86957-599F-4DF2-968C-5E1100532E07}.Debug|Any CPU.ActiveCfg = Debug|Any CPU
		{34A86957-599F-4DF2-968C-5E1100532E07}.Debug|Any CPU.Build.0 = Debug|Any CPU
		{34A86957-599F-4DF2-968C-5E1100532E07}.Release|Any CPU.ActiveCfg = Release|Any CPU
		{34A86957-599F-4DF2-968C-5E1100532E07}.Release|Any CPU.Build.0 = Release|Any CPU
	EndGlobalSection
	GlobalSection(SolutionProperties) = preSolution
		HideSolutionNode = FALSE
	EndGlobalSection
	GlobalSection(ExtensibilityGlobals) = postSolution
		SolutionGuid = {070E305F-C610-4891-82D9-8C3A9916B840}
	EndGlobalSection
EndGlobal
